
Microsoft Visual Studio Solution File, Format Version 12.00
# Visual Studio Version 16
VisualStudioVersion = 16.0.31129.286
MinimumVisualStudioVersion = 10.0.40219.1
Project("{8BC9CEB8-8B4A-11D0-8D11-00A0C91BC942}") = "DSTR bookstore", "DSTR bookstore\DSTR bookstore.vcxproj", "{EAC4FB57-3179-4DE8-B047-1BF3C9176441}"
EndProject
Global
	GlobalSection(SolutionConfigurationPlatforms) = preSolution
		Debug|x64 = Debug|x64
		Debug|x86 = Debug|x86
		Release|x64 = Release|x64
		Release|x86 = Release|x86
	EndGlobalSection
	GlobalSection(ProjectConfigurationPlatforms) = postSolution
		{EAC4FB57-3179-4DE8-B047-1BF3C9176441}.Debug|x64.ActiveCfg = Debug|x64
		{EAC4FB57-3179-4DE8-B047-1BF3C9176441}.Debug|x64.Build.0 = Debug|x64
		{EAC4FB57-3179-4DE8-B047-1BF3C9176441}.Debug|x86.ActiveCfg = Debug|Win32
		{EAC4FB57-3179-4DE8-B047-1BF3C9176441}.Debug|x86.Build.0 = Debug|Win32
		{EAC4FB57-3179-4DE8-B047-1BF3C9176441}.Release|x64.ActiveCfg = Release|x64
		{EAC4FB57-3179-4DE8-B047-1BF3C9176441}.Release|x64.Build.0 = Release|x64
		{EAC4FB57-3179-4DE8-B047-1BF3C9176441}.Release|x86.ActiveCfg = Release|Win32
		{EAC4FB57-3179-4DE8-B047-1BF3C9176441}.Release|x86.Build.0 = Release|Win32
	EndGlobalSection
	GlobalSection(SolutionProperties) = preSolution
		HideSolutionNode = FALSE
	EndGlobalSection
	GlobalSection(ExtensibilityGlobals) = postSolution
		SolutionGuid = {E6B42D89-D6F1-4F19-858D-BB826354E937}
	EndGlobalSection
EndGlobal
